
Microsoft Visual Studio Solution File, Format Version 12.00
# Visual Studio Version 17
VisualStudioVersion = 17.3.32804.467
MinimumVisualStudioVersion = 10.0.40219.1
Project("{FAE04EC0-301F-11D3-BF4B-00C04F79EFBC}") = "Base64 Avalonia", "Base64 Avalonia.csproj", "{70251B40-685C-407A-A1F9-82F65A541EE8}"
EndProject
Global
	GlobalSection(SolutionConfigurationPlatforms) = preSolution
		Debug|Any CPU = Debug|Any CPU
		Release|Any CPU = Release|Any CPU
	EndGlobalSection
	GlobalSection(ProjectConfigurationPlatforms) = postSolution
		{70251B40-685C-407A-A1F9-82F65A541EE8}.Debug|Any CPU.ActiveCfg = Debug|Any CPU
		{70251B40-685C-407A-A1F9-82F65A541EE8}.Debug|Any CPU.Build.0 = Debug|Any CPU
		{70251B40-685C-407A-A1F9-82F65A541EE8}.Release|Any CPU.ActiveCfg = Release|Any CPU
		{70251B40-685C-407A-A1F9-82F65A541EE8}.Release|Any CPU.Build.0 = Release|Any CPU
	EndGlobalSection
	GlobalSection(SolutionProperties) = preSolution
		HideSolutionNode = FALSE
	EndGlobalSection
	GlobalSection(ExtensibilityGlobals) = postSolution
		SolutionGuid = {13FEECF2-1486-4118-8172-65E1004604D1}
	EndGlobalSection
EndGlobal
